
Microsoft Visual Studio Solution File, Format Version 11.00
# Visual Studio 2010
Project("{FAE04EC0-301F-11D3-BF4B-00C04F79EFBC}") = "Assembly-CSharp", "Assembly-CSharp.csproj", "{89C4067A-DE10-83A9-D0A5-B7EC399CE239}"
EndProject
Project("{FAE04EC0-301F-11D3-BF4B-00C04F79EFBC}") = "Assembly-CSharp-Editor", "Assembly-CSharp-Editor.csproj", "{9F355C36-2356-8432-B221-38DC1BECD5EB}"
EndProject
Global
	GlobalSection(SolutionConfigurationPlatforms) = preSolution
		Debug|Any CPU = Debug|Any CPU
		Release|Any CPU = Release|Any CPU
	EndGlobalSection
	GlobalSection(ProjectConfigurationPlatforms) = postSolution
		{89C4067A-DE10-83A9-D0A5-B7EC399CE239}.Debug|Any CPU.ActiveCfg = Debug|Any CPU
		{89C4067A-DE10-83A9-D0A5-B7EC399CE239}.Debug|Any CPU.Build.0 = Debug|Any CPU
		{89C4067A-DE10-83A9-D0A5-B7EC399CE239}.Release|Any CPU.ActiveCfg = Release|Any CPU
		{89C4067A-DE10-83A9-D0A5-B7EC399CE239}.Release|Any CPU.Build.0 = Release|Any CPU
		{9F355C36-2356-8432-B221-38DC1BECD5EB}.Debug|Any CPU.ActiveCfg = Debug|Any CPU
		{9F355C36-2356-8432-B221-38DC1BECD5EB}.Debug|Any CPU.Build.0 = Debug|Any CPU
		{9F355C36-2356-8432-B221-38DC1BECD5EB}.Release|Any CPU.ActiveCfg = Release|Any CPU
		{9F355C36-2356-8432-B221-38DC1BECD5EB}.Release|Any CPU.Build.0 = Release|Any CPU
	EndGlobalSection
	GlobalSection(SolutionProperties) = preSolution
		HideSolutionNode = FALSE
	EndGlobalSection
EndGlobal
